{
  "name": "webgl-practice",
  "version": "1.0.0",
  "lockfileVersion": 1,
  "requires": true,
  "dependencies": {
    "@types/dat.gui": {
      "version": "0.7.5",
      "resolved": "https://registry.npm.taobao.org/@types/dat.gui/download/@types/dat.gui-0.7.5.tgz",
      "integrity": "sha1-j0+HMArlU6V7JGp78bn+XhPKi3k=",
      "dev": true
    }
  }
}
